// !$*UTF8*$!
{
	archiveVersion = 1;
	classes = {
	};
	objectVersion = 55;
	objects = {

/* Begin PBXBuildFile section */
		AC3A96B82836328B0019EC0D /* EcommerceAppApp.swift in Sources */ = {isa = PBXBuildFile; fileRef = AC3A96B72836328B0019EC0D /* EcommerceAppApp.swift */; };
		AC3A96BA2836328B0019EC0D /* ContentView.swift in Sources */ = {isa = PBXBuildFile; fileRef = AC3A96B92836328B0019EC0D /* ContentView.swift */; };
		AC3A96BC2836328D0019EC0D /* Assets.xcassets in Resources */ = {isa = PBXBuildFile; fileRef = AC3A96BB2836328D0019EC0D /* Assets.xcassets */; };
		AC3A96BF2836328D0019EC0D /* Preview Assets.xcassets in Resources */ = {isa = PBXBuildFile; fileRef = AC3A96BE2836328D0019EC0D /* Preview Assets.xcassets */; };
		AC3A96C92836328D0019EC0D /* EcommerceAppTests.swift in Sources */ = {isa = PBXBuildFile; fileRef = AC3A96C82836328D0019EC0D /* EcommerceAppTests.swift */; };
		AC3A96D32836328D0019EC0D /* EcommerceAppUITests.swift in Sources */ = {isa = PBXBuildFile; fileRef = AC3A96D22836328D0019EC0D /* EcommerceAppUITests.swift */; };
		AC3A96D52836328D0019EC0D /* EcommerceAppUITestsLaunchTests.swift in Sources */ = {isa = PBXBuildFile; fileRef = AC3A96D42836328D0019EC0D /* EcommerceAppUITestsLaunchTests.swift */; };
		AC3A96E3283636BE0019EC0D /* Raleway-Bold.ttf in Resources */ = {isa = PBXBuildFile; fileRef = AC3A96E2283636BE0019EC0D /* Raleway-Bold.ttf */; };
		AC3A96E5283636F20019EC0D /* Raleway-Regular.ttf in Resources */ = {isa = PBXBuildFile; fileRef = AC3A96E4283636F20019EC0D /* Raleway-Regular.ttf */; };
		AC3A96E7283637030019EC0D /* Raleway-SemiBold.ttf in Resources */ = {isa = PBXBuildFile; fileRef = AC3A96E6283637030019EC0D /* Raleway-SemiBold.ttf */; };
		AC3A96EB283638F30019EC0D /* OnBoardingScreen.swift in Sources */ = {isa = PBXBuildFile; fileRef = AC3A96EA283638F30019EC0D /* OnBoardingScreen.swift */; };
		AC3A96ED283647860019EC0D /* LoginScreen.swift in Sources */ = {isa = PBXBuildFile; fileRef = AC3A96EC283647860019EC0D /* LoginScreen.swift */; };
		AC3A96F0283647AD0019EC0D /* LoginScreenModel.swift in Sources */ = {isa = PBXBuildFile; fileRef = AC3A96EF283647AD0019EC0D /* LoginScreenModel.swift */; };
		AC3A96F228364B4E0019EC0D /* CustomCorner.swift in Sources */ = {isa = PBXBuildFile; fileRef = AC3A96F128364B4E0019EC0D /* CustomCorner.swift */; };
		ACEC3E1C283B60FA007A9AB7 /* MoreProductView.swift in Sources */ = {isa = PBXBuildFile; fileRef = ACEC3E1B283B60FA007A9AB7 /* MoreProductView.swift */; };
		ACEC3E1E283B6949007A9AB7 /* SearchView.swift in Sources */ = {isa = PBXBuildFile; fileRef = ACEC3E1D283B6949007A9AB7 /* SearchView.swift */; };
		ACFCA4572838C3A1004C70CA /* MainScreen.swift in Sources */ = {isa = PBXBuildFile; fileRef = ACFCA4562838C3A1004C70CA /* MainScreen.swift */; };
		ACFCA45A2838DBC9004C70CA /* HomeTabScreen.swift in Sources */ = {isa = PBXBuildFile; fileRef = ACFCA4592838DBC9004C70CA /* HomeTabScreen.swift */; };
		ACFCA45D2838DF59004C70CA /* Product.swift in Sources */ = {isa = PBXBuildFile; fileRef = ACFCA45C2838DF59004C70CA /* Product.swift */; };
		ACFCA45F2838E29C004C70CA /* HomeViewModel.swift in Sources */ = {isa = PBXBuildFile; fileRef = ACFCA45E2838E29C004C70CA /* HomeViewModel.swift */; };
/* End PBXBuildFile section */

/* Begin PBXContainerItemProxy section */
		AC3A96C52836328D0019EC0D /* PBXContainerItemProxy */ = {
			isa = PBXContainerItemProxy;
			containerPortal = AC3A96AC2836328B0019EC0D /* Project object */;
			proxyType = 1;
			remoteGlobalIDString = AC3A96B32836328B0019EC0D;
			remoteInfo = EcommerceApp;
		};
		AC3A96CF2836328D0019EC0D /* PBXContainerItemProxy */ = {
			isa = PBXContainerItemProxy;
			containerPortal = AC3A96AC2836328B0019EC0D /* Project object */;
			proxyType = 1;
			remoteGlobalIDString = AC3A96B32836328B0019EC0D;
			remoteInfo = EcommerceApp;
		};
/* End PBXContainerItemProxy section */

/* Begin PBXFileReference section */
		AC3A96B42836328B0019EC0D /* EcommerceApp.app */ = {isa = PBXFileReference; explicitFileType = wrapper.application; includeInIndex = 0; path = EcommerceApp.app; sourceTree = BUILT_PRODUCTS_DIR; };
		AC3A96B72836328B0019EC0D /* EcommerceAppApp.swift */ = {isa = PBXFileReference; lastKnownFileType = sourcecode.swift; path = EcommerceAppApp.swift; sourceTree = "<group>"; };
		AC3A96B92836328B0019EC0D /* ContentView.swift */ = {isa = PBXFileReference; lastKnownFileType = sourcecode.swift; path = ContentView.swift; sourceTree = "<group>"; };
		AC3A96BB2836328D0019EC0D /* Assets.xcassets */ = {isa = PBXFileReference; lastKnownFileType = folder.assetcatalog; path = Assets.xcassets; sourceTree = "<group>"; };
		AC3A96BE2836328D0019EC0D /* Preview Assets.xcassets */ = {isa = PBXFileReference; lastKnownFileType = folder.assetcatalog; path = "Preview Assets.xcassets"; sourceTree = "<group>"; };
		AC3A96C42836328D0019EC0D /* EcommerceAppTests.xctest */ = {isa = PBXFileReference; explicitFileType = wrapper.cfbundle; includeInIndex = 0; path = EcommerceAppTests.xctest; sourceTree = BUILT_PRODUCTS_DIR; };
		AC3A96C82836328D0019EC0D /* EcommerceAppTests.swift */ = {isa = PBXFileReference; lastKnownFileType = sourcecode.swift; path = EcommerceAppTests.swift; sourceTree = "<group>"; };
		AC3A96CE2836328D0019EC0D /* EcommerceAppUITests.xctest */ = {isa = PBXFileReference; explicitFileType = wrapper.cfbundle; includeInIndex = 0; path = EcommerceAppUITests.xctest; sourceTree = BUILT_PRODUCTS_DIR; };
		AC3A96D22836328D0019EC0D /* EcommerceAppUITests.swift */ = {isa = PBXFileReference; lastKnownFileType = sourcecode.swift; path = EcommerceAppUITests.swift; sourceTree = "<group>"; };
		AC3A96D42836328D0019EC0D /* EcommerceAppUITestsLaunchTests.swift */ = {isa = PBXFileReference; lastKnownFileType = sourcecode.swift; path = EcommerceAppUITestsLaunchTests.swift; sourceTree = "<group>"; };
		AC3A96E2283636BE0019EC0D /* Raleway-Bold.ttf */ = {isa = PBXFileReference; lastKnownFileType = file; path = "Raleway-Bold.ttf"; sourceTree = "<group>"; };
		AC3A96E4283636F20019EC0D /* Raleway-Regular.ttf */ = {isa = PBXFileReference; lastKnownFileType = file; path = "Raleway-Regular.ttf"; sourceTree = "<group>"; };
		AC3A96E6283637030019EC0D /* Raleway-SemiBold.ttf */ = {isa = PBXFileReference; lastKnownFileType = file; path = "Raleway-SemiBold.ttf"; sourceTree = "<group>"; };
		AC3A96E82836378E0019EC0D /* Info.plist */ = {isa = PBXFileReference; lastKnownFileType = text.plist.xml; path = Info.plist; sourceTree = "<group>"; };
		AC3A96EA283638F30019EC0D /* OnBoardingScreen.swift */ = {isa = PBXFileReference; lastKnownFileType = sourcecode.swift; path = OnBoardingScreen.swift; sourceTree = "<group>"; };
		AC3A96EC283647860019EC0D /* LoginScreen.swift */ = {isa = PBXFileReference; lastKnownFileType = sourcecode.swift; path = LoginScreen.swift; sourceTree = "<group>"; };
		AC3A96EF283647AD0019EC0D /* LoginScreenModel.swift */ = {isa = PBXFileReference; lastKnownFileType = sourcecode.swift; path = LoginScreenModel.swift; sourceTree = "<group>"; };
		AC3A96F128364B4E0019EC0D /* CustomCorner.swift */ = {isa = PBXFileReference; lastKnownFileType = sourcecode.swift; path = CustomCorner.swift; sourceTree = "<group>"; };
		ACEC3E1B283B60FA007A9AB7 /* MoreProductView.swift */ = {isa = PBXFileReference; lastKnownFileType = sourcecode.swift; path = MoreProductView.swift; sourceTree = "<group>"; };
		ACEC3E1D283B6949007A9AB7 /* SearchView.swift */ = {isa = PBXFileReference; lastKnownFileType = sourcecode.swift; path = SearchView.swift; sourceTree = "<group>"; };
		ACFCA4562838C3A1004C70CA /* MainScreen.swift */ = {isa = PBXFileReference; lastKnownFileType = sourcecode.swift; path = MainScreen.swift; sourceTree = "<group>"; };
		ACFCA4592838DBC9004C70CA /* HomeTabScreen.swift */ = {isa = PBXFileReference; lastKnownFileType = sourcecode.swift; path = HomeTabScreen.swift; sourceTree = "<group>"; };
		ACFCA45C2838DF59004C70CA /* Product.swift */ = {isa = PBXFileReference; lastKnownFileType = sourcecode.swift; path = Product.swift; sourceTree = "<group>"; };
		ACFCA45E2838E29C004C70CA /* HomeViewModel.swift */ = {isa = PBXFileReference; lastKnownFileType = sourcecode.swift; path = HomeViewModel.swift; sourceTree = "<group>"; };
/* End PBXFileReference section */

/* Begin PBXFrameworksBuildPhase section */
		AC3A96B12836328B0019EC0D /* Frameworks */ = {
			isa = PBXFrameworksBuildPhase;
			buildActionMask = 2147483647;
			files = (
			);
			runOnlyForDeploymentPostprocessing = 0;
		};
		AC3A96C12836328D0019EC0D /* Frameworks */ = {
			isa = PBXFrameworksBuildPhase;
			buildActionMask = 2147483647;
			files = (
			);
			runOnlyForDeploymentPostprocessing = 0;
		};
		AC3A96CB2836328D0019EC0D /* Frameworks */ = {
			isa = PBXFrameworksBuildPhase;
			buildActionMask = 2147483647;
			files = (
			);
			runOnlyForDeploymentPostprocessing = 0;
		};
/* End PBXFrameworksBuildPhase section */

/* Begin PBXGroup section */
		AC3A96AB2836328B0019EC0D = {
			isa = PBXGroup;
			children = (
				AC3A96B62836328B0019EC0D /* EcommerceApp */,
				AC3A96C72836328D0019EC0D /* EcommerceAppTests */,
				AC3A96D12836328D0019EC0D /* EcommerceAppUITests */,
				AC3A96B52836328B0019EC0D /* Products */,
			);
			sourceTree = "<group>";
		};
		AC3A96B52836328B0019EC0D /* Products */ = {
			isa = PBXGroup;
			children = (
				AC3A96B42836328B0019EC0D /* EcommerceApp.app */,
				AC3A96C42836328D0019EC0D /* EcommerceAppTests.xctest */,
				AC3A96CE2836328D0019EC0D /* EcommerceAppUITests.xctest */,
			);
			name = Products;
			sourceTree = "<group>";
		};
		AC3A96B62836328B0019EC0D /* EcommerceApp */ = {
			isa = PBXGroup;
			children = (
				ACFCA45B2838DF38004C70CA /* Model */,
				AC3A96EE2836478B0019EC0D /* ViewModel */,
				AC3A96E82836378E0019EC0D /* Info.plist */,
				AC3A96E9283638A60019EC0D /* View */,
				AC3A96E12836366C0019EC0D /* Fonts */,
				AC3A96B72836328B0019EC0D /* EcommerceAppApp.swift */,
				AC3A96B92836328B0019EC0D /* ContentView.swift */,
				AC3A96BB2836328D0019EC0D /* Assets.xcassets */,
				AC3A96BD2836328D0019EC0D /* Preview Content */,
			);
			path = EcommerceApp;
			sourceTree = "<group>";
		};
		AC3A96BD2836328D0019EC0D /* Preview Content */ = {
			isa = PBXGroup;
			children = (
				AC3A96BE2836328D0019EC0D /* Preview Assets.xcassets */,
			);
			path = "Preview Content";
			sourceTree = "<group>";
		};
		AC3A96C72836328D0019EC0D /* EcommerceAppTests */ = {
			isa = PBXGroup;
			children = (
				AC3A96C82836328D0019EC0D /* EcommerceAppTests.swift */,
			);
			path = EcommerceAppTests;
			sourceTree = "<group>";
		};
		AC3A96D12836328D0019EC0D /* EcommerceAppUITests */ = {
			isa = PBXGroup;
			children = (
				AC3A96D22836328D0019EC0D /* EcommerceAppUITests.swift */,
				AC3A96D42836328D0019EC0D /* EcommerceAppUITestsLaunchTests.swift */,
			);
			path = EcommerceAppUITests;
			sourceTree = "<group>";
		};
		AC3A96E12836366C0019EC0D /* Fonts */ = {
			isa = PBXGroup;
			children = (
				AC3A96E6283637030019EC0D /* Raleway-SemiBold.ttf */,
				AC3A96E4283636F20019EC0D /* Raleway-Regular.ttf */,
				AC3A96E2283636BE0019EC0D /* Raleway-Bold.ttf */,
			);
			path = Fonts;
			sourceTree = "<group>";
		};
		AC3A96E9283638A60019EC0D /* View */ = {
			isa = PBXGroup;
			children = (
				ACFCA4582838DBB1004C70CA /* TabView */,
				AC3A96EA283638F30019EC0D /* OnBoardingScreen.swift */,
				AC3A96EC283647860019EC0D /* LoginScreen.swift */,
				AC3A96F128364B4E0019EC0D /* CustomCorner.swift */,
				ACFCA4562838C3A1004C70CA /* MainScreen.swift */,
				ACEC3E1B283B60FA007A9AB7 /* MoreProductView.swift */,
				ACEC3E1D283B6949007A9AB7 /* SearchView.swift */,
			);
			path = View;
			sourceTree = "<group>";
		};
		AC3A96EE2836478B0019EC0D /* ViewModel */ = {
			isa = PBXGroup;
			children = (
				AC3A96EF283647AD0019EC0D /* LoginScreenModel.swift */,
				ACFCA45E2838E29C004C70CA /* HomeViewModel.swift */,
			);
			path = ViewModel;
			sourceTree = "<group>";
		};
		ACFCA4582838DBB1004C70CA /* TabView */ = {
			isa = PBXGroup;
			children = (
				ACFCA4592838DBC9004C70CA /* HomeTabScreen.swift */,
			);
			path = TabView;
			sourceTree = "<group>";
		};
		ACFCA45B2838DF38004C70CA /* Model */ = {
			isa = PBXGroup;
			children = (
				ACFCA45C2838DF59004C70CA /* Product.swift */,
			);
			path = Model;
			sourceTree = "<group>";
		};
/* End PBXGroup section */

/* Begin PBXNativeTarget section */
		AC3A96B32836328B0019EC0D /* EcommerceApp */ = {
			isa = PBXNativeTarget;
			buildConfigurationList = AC3A96D82836328D0019EC0D /* Build configuration list for PBXNativeTarget "EcommerceApp" */;
			buildPhases = (
				AC3A96B02836328B0019EC0D /* Sources */,
				AC3A96B12836328B0019EC0D /* Frameworks */,
				AC3A96B22836328B0019EC0D /* Resources */,
			);
			buildRules = (
			);
			dependencies = (
			);
			name = EcommerceApp;
			productName = EcommerceApp;
			productReference = AC3A96B42836328B0019EC0D /* EcommerceApp.app */;
			productType = "com.apple.product-type.application";
		};
		AC3A96C32836328D0019EC0D /* EcommerceAppTests */ = {
			isa = PBXNativeTarget;
			buildConfigurationList = AC3A96DB2836328D0019EC0D /* Build configuration list for PBXNativeTarget "EcommerceAppTests" */;
			buildPhases = (
				AC3A96C02836328D0019EC0D /* Sources */,
				AC3A96C12836328D0019EC0D /* Frameworks */,
				AC3A96C22836328D0019EC0D /* Resources */,
			);
			buildRules = (
			);
			dependencies = (
				AC3A96C62836328D0019EC0D /* PBXTargetDependency */,
			);
			name = EcommerceAppTests;
			productName = EcommerceAppTests;
			productReference = AC3A96C42836328D0019EC0D /* EcommerceAppTests.xctest */;
			productType = "com.apple.product-type.bundle.unit-test";
		};
		AC3A96CD2836328D0019EC0D /* EcommerceAppUITests */ = {
			isa = PBXNativeTarget;
			buildConfigurationList = AC3A96DE2836328D0019EC0D /* Build configuration list for PBXNativeTarget "EcommerceAppUITests" */;
			buildPhases = (
				AC3A96CA2836328D0019EC0D /* Sources */,
				AC3A96CB2836328D0019EC0D /* Frameworks */,
				AC3A96CC2836328D0019EC0D /* Resources */,
			);
			buildRules = (
			);
			dependencies = (
				AC3A96D02836328D0019EC0D /* PBXTargetDependency */,
			);
			name = EcommerceAppUITests;
			productName = EcommerceAppUITests;
			productReference = AC3A96CE2836328D0019EC0D /* EcommerceAppUITests.xctest */;
			productType = "com.apple.product-type.bundle.ui-testing";
		};
/* End PBXNativeTarget section */

/* Begin PBXProject section */
		AC3A96AC2836328B0019EC0D /* Project object */ = {
			isa = PBXProject;
			attributes = {
				BuildIndependentTargetsInParallel = 1;
				LastSwiftUpdateCheck = 1330;
				LastUpgradeCheck = 1330;
				TargetAttributes = {
					AC3A96B32836328B0019EC0D = {
						CreatedOnToolsVersion = 13.3;
					};
					AC3A96C32836328D0019EC0D = {
						CreatedOnToolsVersion = 13.3;
						TestTargetID = AC3A96B32836328B0019EC0D;
					};
					AC3A96CD2836328D0019EC0D = {
						CreatedOnToolsVersion = 13.3;
						TestTargetID = AC3A96B32836328B0019EC0D;
					};
				};
			};
			buildConfigurationList = AC3A96AF2836328B0019EC0D /* Build configuration list for PBXProject "EcommerceApp" */;
			compatibilityVersion = "Xcode 13.0";
			developmentRegion = en;
			hasScannedForEncodings = 0;
			knownRegions = (
				en,
				Base,
			);
			mainGroup = AC3A96AB2836328B0019EC0D;
			productRefGroup = AC3A96B52836328B0019EC0D /* Products */;
			projectDirPath = "";
			projectRoot = "";
			targets = (
				AC3A96B32836328B0019EC0D /* EcommerceApp */,
				AC3A96C32836328D0019EC0D /* EcommerceAppTests */,
				AC3A96CD2836328D0019EC0D /* EcommerceAppUITests */,
			);
		};
/* End PBXProject section */

/* Begin PBXResourcesBuildPhase section */
		AC3A96B22836328B0019EC0D /* Resources */ = {
			isa = PBXResourcesBuildPhase;
			buildActionMask = 2147483647;
			files = (
				AC3A96BF2836328D0019EC0D /* Preview Assets.xcassets in Resources */,
				AC3A96E3283636BE0019EC0D /* Raleway-Bold.ttf in Resources */,
				AC3A96BC2836328D0019EC0D /* Assets.xcassets in Resources */,
				AC3A96E5283636F20019EC0D /* Raleway-Regular.ttf in Resources */,
				AC3A96E7283637030019EC0D /* Raleway-SemiBold.ttf in Resources */,
			);
			runOnlyForDeploymentPostprocessing = 0;
		};
		AC3A96C22836328D0019EC0D /* Resources */ = {
			isa = PBXResourcesBuildPhase;
			buildActionMask = 2147483647;
			files = (
			);
			runOnlyForDeploymentPostprocessing = 0;
		};
		AC3A96CC2836328D0019EC0D /* Resources */ = {
			isa = PBXResourcesBuildPhase;
			buildActionMask = 2147483647;
			files = (
			);
			runOnlyForDeploymentPostprocessing = 0;
		};
/* End PBXResourcesBuildPhase section */

/* Begin PBXSourcesBuildPhase section */
		AC3A96B02836328B0019EC0D /* Sources */ = {
			isa = PBXSourcesBuildPhase;
			buildActionMask = 2147483647;
			files = (
				AC3A96EB283638F30019EC0D /* OnBoardingScreen.swift in Sources */,
				ACFCA4572838C3A1004C70CA /* MainScreen.swift in Sources */,
				AC3A96ED283647860019EC0D /* LoginScreen.swift in Sources */,
				ACFCA45F2838E29C004C70CA /* HomeViewModel.swift in Sources */,
				ACEC3E1E283B6949007A9AB7 /* SearchView.swift in Sources */,
				AC3A96F0283647AD0019EC0D /* LoginScreenModel.swift in Sources */,
				ACEC3E1C283B60FA007A9AB7 /* MoreProductView.swift in Sources */,
				ACFCA45D2838DF59004C70CA /* Product.swift in Sources */,
				AC3A96F228364B4E0019EC0D /* CustomCorner.swift in Sources */,
				AC3A96BA2836328B0019EC0D /* ContentView.swift in Sources */,
				ACFCA45A2838DBC9004C70CA /* HomeTabScreen.swift in Sources */,
				AC3A96B82836328B0019EC0D /* EcommerceAppApp.swift in Sources */,
			);
			runOnlyForDeploymentPostprocessing = 0;
		};
		AC3A96C02836328D0019EC0D /* Sources */ = {
			isa = PBXSourcesBuildPhase;
			buildActionMask = 2147483647;
			files = (
				AC3A96C92836328D0019EC0D /* EcommerceAppTests.swift in Sources */,
			);
			runOnlyForDeploymentPostprocessing = 0;
		};
		AC3A96CA2836328D0019EC0D /* Sources */ = {
			isa = PBXSourcesBuildPhase;
			buildActionMask = 2147483647;
			files = (
				AC3A96D32836328D0019EC0D /* EcommerceAppUITests.swift in Sources */,
				AC3A96D52836328D0019EC0D /* EcommerceAppUITestsLaunchTests.swift in Sources */,
			);
			runOnlyForDeploymentPostprocessing = 0;
		};
/* End PBXSourcesBuildPhase section */

/* Begin PBXTargetDependency section */
		AC3A96C62836328D0019EC0D /* PBXTargetDependency */ = {
			isa = PBXTargetDependency;
			target = AC3A96B32836328B0019EC0D /* EcommerceApp */;
			targetProxy = AC3A96C52836328D0019EC0D /* PBXContainerItemProxy */;
		};
		AC3A96D02836328D0019EC0D /* PBXTargetDependency */ = {
			isa = PBXTargetDependency;
			target = AC3A96B32836328B0019EC0D /* EcommerceApp */;
			targetProxy = AC3A96CF2836328D0019EC0D /* PBXContainerItemProxy */;
		};
/* End PBXTargetDependency section */

/* Begin XCBuildConfiguration section */
		AC3A96D62836328D0019EC0D /* Debug */ = {
			isa = XCBuildConfiguration;
			buildSettings = {
				ALWAYS_SEARCH_USER_PATHS = NO;
				CLANG_ANALYZER_NONNULL = YES;
				CLANG_ANALYZER_NUMBER_OBJECT_CONVERSION = YES_AGGRESSIVE;
				CLANG_CXX_LANGUAGE_STANDARD = "gnu++17";
				CLANG_ENABLE_MODULES = YES;
				CLANG_ENABLE_OBJC_ARC = YES;
				CLANG_ENABLE_OBJC_WEAK = YES;
				CLANG_WARN_BLOCK_CAPTURE_AUTORELEASING = YES;
				CLANG_WARN_BOOL_CONVERSION = YES;
				CLANG_WARN_COMMA = YES;
				CLANG_WARN_CONSTANT_CONVERSION = YES;
				CLANG_WARN_DEPRECATED_OBJC_IMPLEMENTATIONS = YES;
				CLANG_WARN_DIRECT_OBJC_ISA_USAGE = YES_ERROR;
				CLANG_WARN_DOCUMENTATION_COMMENTS = YES;
				CLANG_WARN_EMPTY_BODY = YES;
				CLANG_WARN_ENUM_CONVERSION = YES;
				CLANG_WARN_INFINITE_RECURSION = YES;
				CLANG_WARN_INT_CONVERSION = YES;
				CLANG_WARN_NON_LITERAL_NULL_CONVERSION = YES;
				CLANG_WARN_OBJC_IMPLICIT_RETAIN_SELF = YES;
				CLANG_WARN_OBJC_LITERAL_CONVERSION = YES;
				CLANG_WARN_OBJC_ROOT_CLASS = YES_ERROR;
				CLANG_WARN_QUOTED_INCLUDE_IN_FRAMEWORK_HEADER = YES;
				CLANG_WARN_RANGE_LOOP_ANALYSIS = YES;
				CLANG_WARN_STRICT_PROTOTYPES = YES;
				CLANG_WARN_SUSPICIOUS_MOVE = YES;
				CLANG_WARN_UNGUARDED_AVAILABILITY = YES_AGGRESSIVE;
				CLANG_WARN_UNREACHABLE_CODE = YES;
				CLANG_WARN__DUPLICATE_METHOD_MATCH = YES;
				COPY_PHASE_STRIP = NO;
				DEBUG_INFORMATION_FORMAT = dwarf;
				ENABLE_STRICT_OBJC_MSGSEND = YES;
				ENABLE_TESTABILITY = YES;
				GCC_C_LANGUAGE_STANDARD = gnu11;
				GCC_DYNAMIC_NO_PIC = NO;
				GCC_NO_COMMON_BLOCKS = YES;
				GCC_OPTIMIZATION_LEVEL = 0;
				GCC_PREPROCESSOR_DEFINITIONS = (
					"DEBUG=1",
					"$(inherited)",
				);
				GCC_WARN_64_TO_32_BIT_CONVERSION = YES;
				GCC_WARN_ABOUT_RETURN_TYPE = YES_ERROR;
				GCC_WARN_UNDECLARED_SELECTOR = YES;
				GCC_WARN_UNINITIALIZED_AUTOS = YES_AGGRESSIVE;
				GCC_WARN_UNUSED_FUNCTION = YES;
				GCC_WARN_UNUSED_VARIABLE = YES;
				IPHONEOS_DEPLOYMENT_TARGET = 15.4;
				MTL_ENABLE_DEBUG_INFO = INCLUDE_SOURCE;
				MTL_FAST_MATH = YES;
				ONLY_ACTIVE_ARCH = YES;
				SDKROOT = iphoneos;
				SWIFT_ACTIVE_COMPILATION_CONDITIONS = DEBUG;
				SWIFT_OPTIMIZATION_LEVEL = "-Onone";
			};
			name = Debug;
		};
		AC3A96D72836328D0019EC0D /* Release */ = {
			isa = XCBuildConfiguration;
			buildSettings = {
				ALWAYS_SEARCH_USER_PATHS = NO;
				CLANG_ANALYZER_NONNULL = YES;
				CLANG_ANALYZER_NUMBER_OBJECT_CONVERSION = YES_AGGRESSIVE;
				CLANG_CXX_LANGUAGE_STANDARD = "gnu++17";
				CLANG_ENABLE_MODULES = YES;
				CLANG_ENABLE_OBJC_ARC = YES;
				CLANG_ENABLE_OBJC_WEAK = YES;
				CLANG_WARN_BLOCK_CAPTURE_AUTORELEASING = YES;
				CLANG_WARN_BOOL_CONVERSION = YES;
				CLANG_WARN_COMMA = YES;
				CLANG_WARN_CONSTANT_CONVERSION = YES;
				CLANG_WARN_DEPRECATED_OBJC_IMPLEMENTATIONS = YES;
				CLANG_WARN_DIRECT_OBJC_ISA_USAGE = YES_ERROR;
				CLANG_WARN_DOCUMENTATION_COMMENTS = YES;
				CLANG_WARN_EMPTY_BODY = YES;
				CLANG_WARN_ENUM_CONVERSION = YES;
				CLANG_WARN_INFINITE_RECURSION = YES;
				CLANG_WARN_INT_CONVERSION = YES;
				CLANG_WARN_NON_LITERAL_NULL_CONVERSION = YES;
				CLANG_WARN_OBJC_IMPLICIT_RETAIN_SELF = YES;
				CLANG_WARN_OBJC_LITERAL_CONVERSION = YES;
				CLANG_WARN_OBJC_ROOT_CLASS = YES_ERROR;
				CLANG_WARN_QUOTED_INCLUDE_IN_FRAMEWORK_HEADER = YES;
				CLANG_WARN_RANGE_LOOP_ANALYSIS = YES;
				CLANG_WARN_STRICT_PROTOTYPES = YES;
				CLANG_WARN_SUSPICIOUS_MOVE = YES;
				CLANG_WARN_UNGUARDED_AVAILABILITY = YES_AGGRESSIVE;
				CLANG_WARN_UNREACHABLE_CODE = YES;
				CLANG_WARN__DUPLICATE_METHOD_MATCH = YES;
				COPY_PHASE_STRIP = NO;
				DEBUG_INFORMATION_FORMAT = "dwarf-with-dsym";
				ENABLE_NS_ASSERTIONS = NO;
				ENABLE_STRICT_OBJC_MSGSEND = YES;
				GCC_C_LANGUAGE_STANDARD = gnu11;
				GCC_NO_COMMON_BLOCKS = YES;
				GCC_WARN_64_TO_32_BIT_CONVERSION = YES;
				GCC_WARN_ABOUT_RETURN_TYPE = YES_ERROR;
				GCC_WARN_UNDECLARED_SELECTOR = YES;
				GCC_WARN_UNINITIALIZED_AUTOS = YES_AGGRESSIVE;
				GCC_WARN_UNUSED_FUNCTION = YES;
				GCC_WARN_UNUSED_VARIABLE = YES;
				IPHONEOS_DEPLOYMENT_TARGET = 15.4;
				MTL_ENABLE_DEBUG_INFO = NO;
				MTL_FAST_MATH = YES;
				SDKROOT = iphoneos;
				SWIFT_COMPILATION_MODE = wholemodule;
				SWIFT_OPTIMIZATION_LEVEL = "-O";
				VALIDATE_PRODUCT = YES;
			};
			name = Release;
		};
		AC3A96D92836328D0019EC0D /* Debug */ = {
			isa = XCBuildConfiguration;
			buildSettings = {
				ASSETCATALOG_COMPILER_APPICON_NAME = AppIcon;
				ASSETCATALOG_COMPILER_GLOBAL_ACCENT_COLOR_NAME = AccentColor;
				CODE_SIGN_STYLE = Automatic;
				CURRENT_PROJECT_VERSION = 1;
				DEVELOPMENT_ASSET_PATHS = "\"EcommerceApp/Preview Content\"";
				DEVELOPMENT_TEAM = LU893QGJWJ;
				ENABLE_PREVIEWS = YES;
				GENERATE_INFOPLIST_FILE = YES;
				INFOPLIST_FILE = EcommerceApp/Info.plist;
				INFOPLIST_KEY_UIApplicationSceneManifest_Generation = YES;
				INFOPLIST_KEY_UIApplicationSupportsIndirectInputEvents = YES;
				INFOPLIST_KEY_UILaunchScreen_Generation = YES;
				INFOPLIST_KEY_UISupportedInterfaceOrientations_iPad = "UIInterfaceOrientationPortrait UIInterfaceOrientationPortraitUpsideDown UIInterfaceOrientationLandscapeLeft UIInterfaceOrientationLandscapeRight";
				INFOPLIST_KEY_UISupportedInterfaceOrientations_iPhone = "UIInterfaceOrientationPortrait UIInterfaceOrientationLandscapeLeft UIInterfaceOrientationLandscapeRight";
				LD_RUNPATH_SEARCH_PATHS = (
					"$(inherited)",
					"@executable_path/Frameworks",
				);
				MARKETING_VERSION = 1.0;
				PRODUCT_BUNDLE_IDENTIFIER = com.test.EcommerceApp;
				PRODUCT_NAME = "$(TARGET_NAME)";
				SWIFT_EMIT_LOC_STRINGS = YES;
				SWIFT_VERSION = 5.0;
				TARGETED_DEVICE_FAMILY = "1,2";
			};
			name = Debug;
		};
		AC3A96DA2836328D0019EC0D /* Release */ = {
			isa = XCBuildConfiguration;
			buildSettings = {
				ASSETCATALOG_COMPILER_APPICON_NAME = AppIcon;
				ASSETCATALOG_COMPILER_GLOBAL_ACCENT_COLOR_NAME = AccentColor;
				CODE_SIGN_STYLE = Automatic;
				CURRENT_PROJECT_VERSION = 1;
				DEVELOPMENT_ASSET_PATHS = "\"EcommerceApp/Preview Content\"";
				DEVELOPMENT_TEAM = LU893QGJWJ;
				ENABLE_PREVIEWS = YES;
				GENERATE_INFOPLIST_FILE = YES;
				INFOPLIST_FILE = EcommerceApp/Info.plist;
				INFOPLIST_KEY_UIApplicationSceneManifest_Generation = YES;
				INFOPLIST_KEY_UIApplicationSupportsIndirectInputEvents = YES;
				INFOPLIST_KEY_UILaunchScreen_Generation = YES;
				INFOPLIST_KEY_UISupportedInterfaceOrientations_iPad = "UIInterfaceOrientationPortrait UIInterfaceOrientationPortraitUpsideDown UIInterfaceOrientationLandscapeLeft UIInterfaceOrientationLandscapeRight";
				INFOPLIST_KEY_UISupportedInterfaceOrientations_iPhone = "UIInterfaceOrientationPortrait UIInterfaceOrientationLandscapeLeft UIInterfaceOrientationLandscapeRight";
				LD_RUNPATH_SEARCH_PATHS = (
					"$(inherited)",
					"@executable_path/Frameworks",
				);
				MARKETING_VERSION = 1.0;
				PRODUCT_BUNDLE_IDENTIFIER = com.test.EcommerceApp;
				PRODUCT_NAME = "$(TARGET_NAME)";
				SWIFT_EMIT_LOC_STRINGS = YES;
				SWIFT_VERSION = 5.0;
				TARGETED_DEVICE_FAMILY = "1,2";
			};
			name = Release;
		};
		AC3A96DC2836328D0019EC0D /* Debug */ = {
			isa = XCBuildConfiguration;
			buildSettings = {
				ALWAYS_EMBED_SWIFT_STANDARD_LIBRARIES = YES;
				BUNDLE_LOADER = "$(TEST_HOST)";
				CODE_SIGN_STYLE = Automatic;
				CURRENT_PROJECT_VERSION = 1;
				DEVELOPMENT_TEAM = LU893QGJWJ;
				GENERATE_INFOPLIST_FILE = YES;
				IPHONEOS_DEPLOYMENT_TARGET = 15.4;
				MARKETING_VERSION = 1.0;
				PRODUCT_BUNDLE_IDENTIFIER = com.test.EcommerceAppTests;
				PRODUCT_NAME = "$(TARGET_NAME)";
				SWIFT_EMIT_LOC_STRINGS = NO;
				SWIFT_VERSION = 5.0;
				TARGETED_DEVICE_FAMILY = "1,2";
				TEST_HOST = "$(BUILT_PRODUCTS_DIR)/EcommerceApp.app/EcommerceApp";
			};
			name = Debug;
		};
		AC3A96DD2836328D0019EC0D /* Release */ = {
			isa = XCBuildConfiguration;
			buildSettings = {
				ALWAYS_EMBED_SWIFT_STANDARD_LIBRARIES = YES;
				BUNDLE_LOADER = "$(TEST_HOST)";
				CODE_SIGN_STYLE = Automatic;
				CURRENT_PROJECT_VERSION = 1;
				DEVELOPMENT_TEAM = LU893QGJWJ;
				GENERATE_INFOPLIST_FILE = YES;
				IPHONEOS_DEPLOYMENT_TARGET = 15.4;
				MARKETING_VERSION = 1.0;
				PRODUCT_BUNDLE_IDENTIFIER = com.test.EcommerceAppTests;
				PRODUCT_NAME = "$(TARGET_NAME)";
				SWIFT_EMIT_LOC_STRINGS = NO;
				SWIFT_VERSION = 5.0;
				TARGETED_DEVICE_FAMILY = "1,2";
				TEST_HOST = "$(BUILT_PRODUCTS_DIR)/EcommerceApp.app/EcommerceApp";
			};
			name = Release;
		};
		AC3A96DF2836328D0019EC0D /* Debug */ = {
			isa = XCBuildConfiguration;
			buildSettings = {
				ALWAYS_EMBED_SWIFT_STANDARD_LIBRARIES = YES;
				CODE_SIGN_STYLE = Automatic;
				CURRENT_PROJECT_VERSION = 1;
				DEVELOPMENT_TEAM = LU893QGJWJ;
				GENERATE_INFOPLIST_FILE = YES;
				MARKETING_VERSION = 1.0;
				PRODUCT_BUNDLE_IDENTIFIER = com.test.EcommerceAppUITests;
				PRODUCT_NAME = "$(TARGET_NAME)";
				SWIFT_EMIT_LOC_STRINGS = NO;
				SWIFT_VERSION = 5.0;
				TARGETED_DEVICE_FAMILY = "1,2";
				TEST_TARGET_NAME = EcommerceApp;
			};
			name = Debug;
		};
		AC3A96E02836328D0019EC0D /* Release */ = {
			isa = XCBuildConfiguration;
			buildSettings = {
				ALWAYS_EMBED_SWIFT_STANDARD_LIBRARIES = YES;
				CODE_SIGN_STYLE = Automatic;
				CURRENT_PROJECT_VERSION = 1;
				DEVELOPMENT_TEAM = LU893QGJWJ;
				GENERATE_INFOPLIST_FILE = YES;
				MARKETING_VERSION = 1.0;
				PRODUCT_BUNDLE_IDENTIFIER = com.test.EcommerceAppUITests;
				PRODUCT_NAME = "$(TARGET_NAME)";
				SWIFT_EMIT_LOC_STRINGS = NO;
				SWIFT_VERSION = 5.0;
				TARGETED_DEVICE_FAMILY = "1,2";
				TEST_TARGET_NAME = EcommerceApp;
			};
			name = Release;
		};
/* End XCBuildConfiguration section */

/* Begin XCConfigurationList section */
		AC3A96AF2836328B0019EC0D /* Build configuration list for PBXProject "EcommerceApp" */ = {
			isa = XCConfigurationList;
			buildConfigurations = (
				AC3A96D62836328D0019EC0D /* Debug */,
				AC3A96D72836328D0019EC0D /* Release */,
			);
			defaultConfigurationIsVisible = 0;
			defaultConfigurationName = Release;
		};
		AC3A96D82836328D0019EC0D /* Build configuration list for PBXNativeTarget "EcommerceApp" */ = {
			isa = XCConfigurationList;
			buildConfigurations = (
				AC3A96D92836328D0019EC0D /* Debug */,
				AC3A96DA2836328D0019EC0D /* Release */,
			);
			defaultConfigurationIsVisible = 0;
			defaultConfigurationName = Release;
		};
		AC3A96DB2836328D0019EC0D /* Build configuration list for PBXNativeTarget "EcommerceAppTests" */ = {
			isa = XCConfigurationList;
			buildConfigurations = (
				AC3A96DC2836328D0019EC0D /* Debug */,
				AC3A96DD2836328D0019EC0D /* Release */,
			);
			defaultConfigurationIsVisible = 0;
			defaultConfigurationName = Release;
		};
		AC3A96DE2836328D0019EC0D /* Build configuration list for PBXNativeTarget "EcommerceAppUITests" */ = {
			isa = XCConfigurationList;
			buildConfigurations = (
				AC3A96DF2836328D0019EC0D /* Debug */,
				AC3A96E02836328D0019EC0D /* Release */,
			);
			defaultConfigurationIsVisible = 0;
			defaultConfigurationName = Release;
		};
/* End XCConfigurationList section */
	};
	rootObject = AC3A96AC2836328B0019EC0D /* Project object */;
}
